Microsoft Visual Studio Solution File, Format Version 12.00
# Visual Studio 15
VisualStudioVersion = 15.0.26124.0
MinimumVisualStudioVersion = 15.0.26124.0
Project("{9A19103F-16F7-4668-BE54-9A1E7A4F7556}") = "Sales.Api", "Sales.Api\Sales.Api.csproj", "{923C74FC-7E42-43D7-8B0C-5DF529760F0A}"
EndProject
Project("{9A19103F-16F7-4668-BE54-9A1E7A4F7556}") = "Marketing.Api", "Marketing.Api\Marketing.Api.csproj", "{83B9F670-9F99-4AFB-B613-A81B5AA711CF}"
EndProject
Project("{9A19103F-16F7-4668-BE54-9A1E7A4F7556}") = "ITOps.ViewModelComposition", "ITOps.ViewModelComposition\ITOps.ViewModelComposition.csproj", "{C8B32DD4-1CBA-4FA4-80E1-C98E5FA0A4C3}"
EndProject
Project("{9A19103F-16F7-4668-BE54-9A1E7A4F7556}") = "ITOps.ViewModelComposition.Mvc", "ITOps.ViewModelComposition.Mvc\ITOps.ViewModelComposition.Mvc.csproj", "{EB61F7B6-6C24-4118-8C61-215A194A5D69}"
EndProject
Project("{9A19103F-16F7-4668-BE54-9A1E7A4F7556}") = "EShop.UI", "EShop.UI\EShop.UI.csproj", "{4C60AD34-57C3-48E7-84BC-DF087045F127}"
EndProject
Project("{9A19103F-16F7-4668-BE54-9A1E7A4F7556}") = "Marketing.ViewModelComposition", "Marketing.ViewModelComposition\Marketing.ViewModelComposition.csproj", "{DFDF3B4F-09EE-4D52-A987-2089C14F4877}"
EndProject
Project("{9A19103F-16F7-4668-BE54-9A1E7A4F7556}") = "Sales.ViewModelComposition", "Sales.ViewModelComposition\Sales.ViewModelComposition.csproj", "{7936EF9A-4D3B-4EF3-AD1A-3E8D94573518}"
EndProject
Project("{9A19103F-16F7-4668-BE54-9A1E7A4F7556}") = "ITOps.Shared", "ITOps.Shared\ITOps.Shared.csproj", "{6787D59E-D392-4972-A1AA-6619EA70A0ED}"
EndProject
Project("{9A19103F-16F7-4668-BE54-9A1E7A4F7556}") = "EShop.Messages", "EShop.Messages\EShop.Messages.csproj", "{6B50536C-E1DC-4A2E-9553-F61F9CB6673E}"
EndProject
Project("{9A19103F-16F7-4668-BE54-9A1E7A4F7556}") = "Billing.Api", "Billing.Api\Billing.Api.csproj", "{71E2DA48-8787-43FA-8D28-B347FE37AD17}"
EndProject
Project("{9A19103F-16F7-4668-BE54-9A1E7A4F7556}") = "Shipping.Api", "Shipping.Api\Shipping.Api.csproj", "{632A7B0A-9105-467F-BA97-6029705F710D}"
EndProject
Project("{9A19103F-16F7-4668-BE54-9A1E7A4F7556}") = "Shipping.ViewModelComposition", "Shipping.ViewModelComposition\Shipping.ViewModelComposition.csproj", "{4347D114-7714-491E-9C18-B7BD8A02FA1B}"
EndProject
Project("{9A19103F-16F7-4668-BE54-9A1E7A4F7556}") = "LoadGenerator", "LoadGenerator\LoadGenerator.csproj", "{019BC2DB-EEED-475B-978D-9D22C9401034}"
EndProject
Project("{9A19103F-16F7-4668-BE54-9A1E7A4F7556}") = "ITOps.WarehouseBridge", "ITOps.WarehouseBridge\ITOps.WarehouseBridge.csproj", "{1DE9FAC9-5924-462D-A120-EE7A3086A4D9}"
EndProject
Global
	GlobalSection(SolutionConfigurationPlatforms) = preSolution
		Debug|Any CPU = Debug|Any CPU
		Debug|x64 = Debug|x64
		Debug|x86 = Debug|x86
		Release|Any CPU = Release|Any CPU
		Release|x64 = Release|x64
		Release|x86 = Release|x86
	EndGlobalSection
	GlobalSection(ProjectConfigurationPlatforms) = postSolution
		{923C74FC-7E42-43D7-8B0C-5DF529760F0A}.Debug|Any CPU.ActiveCfg = Debug|Any CPU
		{923C74FC-7E42-43D7-8B0C-5DF529760F0A}.Debug|Any CPU.Build.0 = Debug|Any CPU
		{923C74FC-7E42-43D7-8B0C-5DF529760F0A}.Debug|x64.ActiveCfg = Debug|Any CPU
		{923C74FC-7E42-43D7-8B0C-5DF529760F0A}.Debug|x64.Build.0 = Debug|Any CPU
		{923C74FC-7E42-43D7-8B0C-5DF529760F0A}.Debug|x86.ActiveCfg = Debug|Any CPU
		{923C74FC-7E42-43D7-8B0C-5DF529760F0A}.Debug|x86.Build.0 = Debug|Any CPU
		{923C74FC-7E42-43D7-8B0C-5DF529760F0A}.Release|Any CPU.ActiveCfg = Release|Any CPU
		{923C74FC-7E42-43D7-8B0C-5DF529760F0A}.Release|Any CPU.Build.0 = Release|Any CPU
		{923C74FC-7E42-43D7-8B0C-5DF529760F0A}.Release|x64.ActiveCfg = Release|Any CPU
		{923C74FC-7E42-43D7-8B0C-5DF529760F0A}.Release|x64.Build.0 = Release|Any CPU
		{923C74FC-7E42-43D7-8B0C-5DF529760F0A}.Release|x86.ActiveCfg = Release|Any CPU
		{923C74FC-7E42-43D7-8B0C-5DF529760F0A}.Release|x86.Build.0 = Release|Any CPU
		{83B9F670-9F99-4AFB-B613-A81B5AA711CF}.Debug|Any CPU.ActiveCfg = Debug|Any CPU
		{83B9F670-9F99-4AFB-B613-A81B5AA711CF}.Debug|Any CPU.Build.0 = Debug|Any CPU
		{83B9F670-9F99-4AFB-B613-A81B5AA711CF}.Debug|x64.ActiveCfg = Debug|Any CPU
		{83B9F670-9F99-4AFB-B613-A81B5AA711CF}.Debug|x64.Build.0 = Debug|Any CPU
		{83B9F670-9F99-4AFB-B613-A81B5AA711CF}.Debug|x86.ActiveCfg = Debug|Any CPU
		{83B9F670-9F99-4AFB-B613-A81B5AA711CF}.Debug|x86.Build.0 = Debug|Any CPU
		{83B9F670-9F99-4AFB-B613-A81B5AA711CF}.Release|Any CPU.ActiveCfg = Release|Any CPU
		{83B9F670-9F99-4AFB-B613-A81B5AA711CF}.Release|Any CPU.Build.0 = Release|Any CPU
		{83B9F670-9F99-4AFB-B613-A81B5AA711CF}.Release|x64.ActiveCfg = Release|Any CPU
		{83B9F670-9F99-4AFB-B613-A81B5AA711CF}.Release|x64.Build.0 = Release|Any CPU
		{83B9F670-9F99-4AFB-B613-A81B5AA711CF}.Release|x86.ActiveCfg = Release|Any CPU
		{83B9F670-9F99-4AFB-B613-A81B5AA711CF}.Release|x86.Build.0 = Release|Any CPU
		{C8B32DD4-1CBA-4FA4-80E1-C98E5FA0A4C3}.Debug|Any CPU.ActiveCfg = Debug|Any CPU
		{C8B32DD4-1CBA-4FA4-80E1-C98E5FA0A4C3}.Debug|Any CPU.Build.0 = Debug|Any CPU
		{C8B32DD4-1CBA-4FA4-80E1-C98E5FA0A4C3}.Debug|x64.ActiveCfg = Debug|Any CPU
		{C8B32DD4-1CBA-4FA4-80E1-C98E5FA0A4C3}.Debug|x64.Build.0 = Debug|Any CPU
		{C8B32DD4-1CBA-4FA4-80E1-C98E5FA0A4C3}.Debug|x86.ActiveCfg = Debug|Any CPU
		{C8B32DD4-1CBA-4FA4-80E1-C98E5FA0A4C3}.Debug|x86.Build.0 = Debug|Any CPU
		{C8B32DD4-1CBA-4FA4-80E1-C98E5FA0A4C3}.Release|Any CPU.ActiveCfg = Release|Any CPU
		{C8B32DD4-1CBA-4FA4-80E1-C98E5FA0A4C3}.Release|Any CPU.Build.0 = Release|Any CPU
		{C8B32DD4-1CBA-4FA4-80E1-C98E5FA0A4C3}.Release|x64.ActiveCfg = Release|Any CPU
		{C8B32DD4-1CBA-4FA4-80E1-C98E5FA0A4C3}.Release|x64.Build.0 = Release|Any CPU
		{C8B32DD4-1CBA-4FA4-80E1-C98E5FA0A4C3}.Release|x86.ActiveCfg = Release|Any CPU
		{C8B32DD4-1CBA-4FA4-80E1-C98E5FA0A4C3}.Release|x86.Build.0 = Release|Any CPU
		{EB61F7B6-6C24-4118-8C61-215A194A5D69}.Debug|Any CPU.ActiveCfg = Debug|Any CPU
		{EB61F7B6-6C24-4118-8C61-215A194A5D69}.Debug|Any CPU.Build.0 = Debug|Any CPU
		{EB61F7B6-6C24-4118-8C61-215A194A5D69}.Debug|x64.ActiveCfg = Debug|Any CPU
		{EB61F7B6-6C24-4118-8C61-215A194A5D69}.Debug|x64.Build.0 = Debug|Any CPU
		{EB61F7B6-6C24-4118-8C61-215A194A5D69}.Debug|x86.ActiveCfg = Debug|Any CPU
		{EB61F7B6-6C24-4118-8C61-215A194A5D69}.Debug|x86.Build.0 = Debug|Any CPU
		{EB61F7B6-6C24-4118-8C61-215A194A5D69}.Release|Any CPU.ActiveCfg = Release|Any CPU
		{EB61F7B6-6C24-4118-8C61-215A194A5D69}.Release|Any CPU.Build.0 = Release|Any CPU
		{EB61F7B6-6C24-4118-8C61-215A194A5D69}.Release|x64.ActiveCfg = Release|Any CPU
		{EB61F7B6-6C24-4118-8C61-215A194A5D69}.Release|x64.Build.0 = Release|Any CPU
		{EB61F7B6-6C24-4118-8C61-215A194A5D69}.Release|x86.ActiveCfg = Release|Any CPU
		{EB61F7B6-6C24-4118-8C61-215A194A5D69}.Release|x86.Build.0 = Release|Any CPU
		{4C60AD34-57C3-48E7-84BC-DF087045F127}.Debug|Any CPU.ActiveCfg = Debug|Any CPU
		{4C60AD34-57C3-48E7-84BC-DF087045F127}.Debug|Any CPU.Build.0 = Debug|Any CPU
		{4C60AD34-57C3-48E7-84BC-DF087045F127}.Debug|x64.ActiveCfg = Debug|Any CPU
		{4C60AD34-57C3-48E7-84BC-DF087045F127}.Debug|x64.Build.0 = Debug|Any CPU
		{4C60AD34-57C3-48E7-84BC-DF087045F127}.Debug|x86.ActiveCfg = Debug|Any CPU
		{4C60AD34-57C3-48E7-84BC-DF087045F127}.Debug|x86.Build.0 = Debug|Any CPU
		{4C60AD34-57C3-48E7-84BC-DF087045F127}.Release|Any CPU.ActiveCfg = Release|Any CPU
		{4C60AD34-57C3-48E7-84BC-DF087045F127}.Release|Any CPU.Build.0 = Release|Any CPU
		{4C60AD34-57C3-48E7-84BC-DF087045F127}.Release|x64.ActiveCfg = Release|Any CPU
		{4C60AD34-57C3-48E7-84BC-DF087045F127}.Release|x64.Build.0 = Release|Any CPU
		{4C60AD34-57C3-48E7-84BC-DF087045F127}.Release|x86.ActiveCfg = Release|Any CPU
		{4C60AD34-57C3-48E7-84BC-DF087045F127}.Release|x86.Build.0 = Release|Any CPU
		{DFDF3B4F-09EE-4D52-A987-2089C14F4877}.Debug|Any CPU.ActiveCfg = Debug|Any CPU
		{DFDF3B4F-09EE-4D52-A987-2089C14F4877}.Debug|Any CPU.Build.0 = Debug|Any CPU
		{DFDF3B4F-09EE-4D52-A987-2089C14F4877}.Debug|x64.ActiveCfg = Debug|Any CPU
		{DFDF3B4F-09EE-4D52-A987-2089C14F4877}.Debug|x64.Build.0 = Debug|Any CPU
		{DFDF3B4F-09EE-4D52-A987-2089C14F4877}.Debug|x86.ActiveCfg = Debug|Any CPU
		{DFDF3B4F-09EE-4D52-A987-2089C14F4877}.Debug|x86.Build.0 = Debug|Any CPU
		{DFDF3B4F-09EE-4D52-A987-2089C14F4877}.Release|Any CPU.ActiveCfg = Release|Any CPU
		{DFDF3B4F-09EE-4D52-A987-2089C14F4877}.Release|Any CPU.Build.0 = Release|Any CPU
		{DFDF3B4F-09EE-4D52-A987-2089C14F4877}.Release|x64.ActiveCfg = Release|Any CPU
		{DFDF3B4F-09EE-4D52-A987-2089C14F4877}.Release|x64.Build.0 = Release|Any CPU
		{DFDF3B4F-09EE-4D52-A987-2089C14F4877}.Release|x86.ActiveCfg = Release|Any CPU
		{DFDF3B4F-09EE-4D52-A987-2089C14F4877}.Release|x86.Build.0 = Release|Any CPU
		{7936EF9A-4D3B-4EF3-AD1A-3E8D94573518}.Debug|Any CPU.ActiveCfg = Debug|Any CPU
		{7936EF9A-4D3B-4EF3-AD1A-3E8D94573518}.Debug|Any CPU.Build.0 = Debug|Any CPU
		{7936EF9A-4D3B-4EF3-AD1A-3E8D94573518}.Debug|x64.ActiveCfg = Debug|Any CPU
		{7936EF9A-4D3B-4EF3-AD1A-3E8D94573518}.Debug|x64.Build.0 = Debug|Any CPU
		{7936EF9A-4D3B-4EF3-AD1A-3E8D94573518}.Debug|x86.ActiveCfg = Debug|Any CPU
		{7936EF9A-4D3B-4EF3-AD1A-3E8D94573518}.Debug|x86.Build.0 = Debug|Any CPU
		{7936EF9A-4D3B-4EF3-AD1A-3E8D94573518}.Release|Any CPU.ActiveCfg = Release|Any CPU
		{7936EF9A-4D3B-4EF3-AD1A-3E8D94573518}.Release|Any CPU.Build.0 = Release|Any CPU
		{7936EF9A-4D3B-4EF3-AD1A-3E8D94573518}.Release|x64.ActiveCfg = Release|Any CPU
		{7936EF9A-4D3B-4EF3-AD1A-3E8D94573518}.Release|x64.Build.0 = Release|Any CPU
		{7936EF9A-4D3B-4EF3-AD1A-3E8D94573518}.Release|x86.ActiveCfg = Release|Any CPU
		{7936EF9A-4D3B-4EF3-AD1A-3E8D94573518}.Release|x86.Build.0 = Release|Any CPU
		{6787D59E-D392-4972-A1AA-6619EA70A0ED}.Debug|Any CPU.ActiveCfg = Debug|Any CPU
		{6787D59E-D392-4972-A1AA-6619EA70A0ED}.Debug|Any CPU.Build.0 = Debug|Any CPU
		{6787D59E-D392-4972-A1AA-6619EA70A0ED}.Debug|x64.ActiveCfg = Debug|Any CPU
		{6787D59E-D392-4972-A1AA-6619EA70A0ED}.Debug|x64.Build.0 = Debug|Any CPU
		{6787D59E-D392-4972-A1AA-6619EA70A0ED}.Debug|x86.ActiveCfg = Debug|Any CPU
		{6787D59E-D392-4972-A1AA-6619EA70A0ED}.Debug|x86.Build.0 = Debug|Any CPU
		{6787D59E-D392-4972-A1AA-6619EA70A0ED}.Release|Any CPU.ActiveCfg = Release|Any CPU
		{6787D59E-D392-4972-A1AA-6619EA70A0ED}.Release|Any CPU.Build.0 = Release|Any CPU
		{6787D59E-D392-4972-A1AA-6619EA70A0ED}.Release|x64.ActiveCfg = Release|Any CPU
		{6787D59E-D392-4972-A1AA-6619EA70A0ED}.Release|x64.Build.0 = Release|Any CPU
		{6787D59E-D392-4972-A1AA-6619EA70A0ED}.Release|x86.ActiveCfg = Release|Any CPU
		{6787D59E-D392-4972-A1AA-6619EA70A0ED}.Release|x86.Build.0 = Release|Any CPU
		{6B50536C-E1DC-4A2E-9553-F61F9CB6673E}.Debug|Any CPU.ActiveCfg = Debug|Any CPU
		{6B50536C-E1DC-4A2E-9553-F61F9CB6673E}.Debug|Any CPU.Build.0 = Debug|Any CPU
		{6B50536C-E1DC-4A2E-9553-F61F9CB6673E}.Debug|x64.ActiveCfg = Debug|Any CPU
		{6B50536C-E1DC-4A2E-9553-F61F9CB6673E}.Debug|x64.Build.0 = Debug|Any CPU
		{6B50536C-E1DC-4A2E-9553-F61F9CB6673E}.Debug|x86.ActiveCfg = Debug|Any CPU
		{6B50536C-E1DC-4A2E-9553-F61F9CB6673E}.Debug|x86.Build.0 = Debug|Any CPU
		{6B50536C-E1DC-4A2E-9553-F61F9CB6673E}.Release|Any CPU.ActiveCfg = Release|Any CPU
		{6B50536C-E1DC-4A2E-9553-F61F9CB6673E}.Release|Any CPU.Build.0 = Release|Any CPU
		{6B50536C-E1DC-4A2E-9553-F61F9CB6673E}.Release|x64.ActiveCfg = Release|Any CPU
		{6B50536C-E1DC-4A2E-9553-F61F9CB6673E}.Release|x64.Build.0 = Release|Any CPU
		{6B50536C-E1DC-4A2E-9553-F61F9CB6673E}.Release|x86.ActiveCfg = Release|Any CPU
		{6B50536C-E1DC-4A2E-9553-F61F9CB6673E}.Release|x86.Build.0 = Release|Any CPU
		{71E2DA48-8787-43FA-8D28-B347FE37AD17}.Debug|Any CPU.ActiveCfg = Debug|Any CPU
		{71E2DA48-8787-43FA-8D28-B347FE37AD17}.Debug|Any CPU.Build.0 = Debug|Any CPU
		{71E2DA48-8787-43FA-8D28-B347FE37AD17}.Debug|x64.ActiveCfg = Debug|Any CPU
		{71E2DA48-8787-43FA-8D28-B347FE37AD17}.Debug|x64.Build.0 = Debug|Any CPU
		{71E2DA48-8787-43FA-8D28-B347FE37AD17}.Debug|x86.ActiveCfg = Debug|Any CPU
		{71E2DA48-8787-43FA-8D28-B347FE37AD17}.Debug|x86.Build.0 = Debug|Any CPU
		{71E2DA48-8787-43FA-8D28-B347FE37AD17}.Release|Any CPU.ActiveCfg = Release|Any CPU
		{71E2DA48-8787-43FA-8D28-B347FE37AD17}.Release|Any CPU.Build.0 = Release|Any CPU
		{71E2DA48-8787-43FA-8D28-B347FE37AD17}.Release|x64.ActiveCfg = Release|Any CPU
		{71E2DA48-8787-43FA-8D28-B347FE37AD17}.Release|x64.Build.0 = Release|Any CPU
		{71E2DA48-8787-43FA-8D28-B347FE37AD17}.Release|x86.ActiveCfg = Release|Any CPU
		{71E2DA48-8787-43FA-8D28-B347FE37AD17}.Release|x86.Build.0 = Release|Any CPU
		{632A7B0A-9105-467F-BA97-6029705F710D}.Debug|Any CPU.ActiveCfg = Debug|Any CPU
		{632A7B0A-9105-467F-BA97-6029705F710D}.Debug|Any CPU.Build.0 = Debug|Any CPU
		{632A7B0A-9105-467F-BA97-6029705F710D}.Debug|x64.ActiveCfg = Debug|Any CPU
		{632A7B0A-9105-467F-BA97-6029705F710D}.Debug|x64.Build.0 = Debug|Any CPU
		{632A7B0A-9105-467F-BA97-6029705F710D}.Debug|x86.ActiveCfg = Debug|Any CPU
		{632A7B0A-9105-467F-BA97-6029705F710D}.Debug|x86.Build.0 = Debug|Any CPU
		{632A7B0A-9105-467F-BA97-6029705F710D}.Release|Any CPU.ActiveCfg = Release|Any CPU
		{632A7B0A-9105-467F-BA97-6029705F710D}.Release|Any CPU.Build.0 = Release|Any CPU
		{632A7B0A-9105-467F-BA97-6029705F710D}.Release|x64.ActiveCfg = Release|Any CPU
		{632A7B0A-9105-467F-BA97-6029705F710D}.Release|x64.Build.0 = Release|Any CPU
		{632A7B0A-9105-467F-BA97-6029705F710D}.Release|x86.ActiveCfg = Release|Any CPU
		{632A7B0A-9105-467F-BA97-6029705F710D}.Release|x86.Build.0 = Release|Any CPU
		{4347D114-7714-491E-9C18-B7BD8A02FA1B}.Debug|Any CPU.ActiveCfg = Debug|Any CPU
		{4347D114-7714-491E-9C18-B7BD8A02FA1B}.Debug|Any CPU.Build.0 = Debug|Any CPU
		{4347D114-7714-491E-9C18-B7BD8A02FA1B}.Debug|x64.ActiveCfg = Debug|Any CPU
		{4347D114-7714-491E-9C18-B7BD8A02FA1B}.Debug|x64.Build.0 = Debug|Any CPU
		{4347D114-7714-491E-9C18-B7BD8A02FA1B}.Debug|x86.ActiveCfg = Debug|Any CPU
		{4347D114-7714-491E-9C18-B7BD8A02FA1B}.Debug|x86.Build.0 = Debug|Any CPU
		{4347D114-7714-491E-9C18-B7BD8A02FA1B}.Release|Any CPU.ActiveCfg = Release|Any CPU
		{4347D114-7714-491E-9C18-B7BD8A02FA1B}.Release|Any CPU.Build.0 = Release|Any CPU
		{4347D114-7714-491E-9C18-B7BD8A02FA1B}.Release|x64.ActiveCfg = Release|Any CPU
		{4347D114-7714-491E-9C18-B7BD8A02FA1B}.Release|x64.Build.0 = Release|Any CPU
		{4347D114-7714-491E-9C18-B7BD8A02FA1B}.Release|x86.ActiveCfg = Release|Any CPU
		{4347D114-7714-491E-9C18-B7BD8A02FA1B}.Release|x86.Build.0 = Release|Any CPU
		{019BC2DB-EEED-475B-978D-9D22C9401034}.Debug|Any CPU.ActiveCfg = Debug|Any CPU
		{019BC2DB-EEED-475B-978D-9D22C9401034}.Debug|Any CPU.Build.0 = Debug|Any CPU
		{019BC2DB-EEED-475B-978D-9D22C9401034}.Debug|x64.ActiveCfg = Debug|Any CPU
		{019BC2DB-EEED-475B-978D-9D22C9401034}.Debug|x64.Build.0 = Debug|Any CPU
		{019BC2DB-EEED-475B-978D-9D22C9401034}.Debug|x86.ActiveCfg = Debug|Any CPU
		{019BC2DB-EEED-475B-978D-9D22C9401034}.Debug|x86.Build.0 = Debug|Any CPU
		{019BC2DB-EEED-475B-978D-9D22C9401034}.Release|Any CPU.ActiveCfg = Release|Any CPU
		{019BC2DB-EEED-475B-978D-9D22C9401034}.Release|Any CPU.Build.0 = Release|Any CPU
		{019BC2DB-EEED-475B-978D-9D22C9401034}.Release|x64.ActiveCfg = Release|Any CPU
		{019BC2DB-EEED-475B-978D-9D22C9401034}.Release|x64.Build.0 = Release|Any CPU
		{019BC2DB-EEED-475B-978D-9D22C9401034}.Release|x86.ActiveCfg = Release|Any CPU
		{019BC2DB-EEED-475B-978D-9D22C9401034}.Release|x86.Build.0 = Release|Any CPU
		{1DE9FAC9-5924-462D-A120-EE7A3086A4D9}.Debug|Any CPU.ActiveCfg = Debug|Any CPU
		{1DE9FAC9-5924-462D-A120-EE7A3086A4D9}.Debug|Any CPU.Build.0 = Debug|Any CPU
		{1DE9FAC9-5924-462D-A120-EE7A3086A4D9}.Debug|x64.ActiveCfg = Debug|Any CPU
		{1DE9FAC9-5924-462D-A120-EE7A3086A4D9}.Debug|x64.Build.0 = Debug|Any CPU
		{1DE9FAC9-5924-462D-A120-EE7A3086A4D9}.Debug|x86.ActiveCfg = Debug|Any CPU
		{1DE9FAC9-5924-462D-A120-EE7A3086A4D9}.Debug|x86.Build.0 = Debug|Any CPU
		{1DE9FAC9-5924-462D-A120-EE7A3086A4D9}.Release|Any CPU.ActiveCfg = Release|Any CPU
		{1DE9FAC9-5924-462D-A120-EE7A3086A4D9}.Release|Any CPU.Build.0 = Release|Any CPU
		{1DE9FAC9-5924-462D-A120-EE7A3086A4D9}.Release|x64.ActiveCfg = Release|Any CPU
		{1DE9FAC9-5924-462D-A120-EE7A3086A4D9}.Release|x64.Build.0 = Release|Any CPU
		{1DE9FAC9-5924-462D-A120-EE7A3086A4D9}.Release|x86.ActiveCfg = Release|Any CPU
		{1DE9FAC9-5924-462D-A120-EE7A3086A4D9}.Release|x86.Build.0 = Release|Any CPU
	EndGlobalSection
	GlobalSection(SolutionProperties) = preSolution
		HideSolutionNode = FALSE
	EndGlobalSection
	GlobalSection(ExtensibilityGlobals) = postSolution
		SolutionGuid = {247DD348-EA27-4162-ADA6-A61A173223DF}
	EndGlobalSection
	GlobalSection(MonoDevelopProperties) = preSolution
		Policies = $0
		$0.DotNetNamingPolicy = $1
		$1.DirectoryNamespaceAssociation = PrefixedHierarchical
	EndGlobalSection
EndGlobal
