
Microsoft Visual Studio Solution File, Format Version 12.00
# Visual Studio 15
VisualStudioVersion = 15.0.27428.2015
MinimumVisualStudioVersion = 10.0.40219.1
Project("{FAE04EC0-301F-11D3-BF4B-00C04F79EFBC}") = "Warehouse.Azure", "Warehouse.Azure\Warehouse.Azure.csproj", "{6E8A1ED7-DF22-4F4B-B892-6F2153C16C91}"
EndProject
Project("{FAE04EC0-301F-11D3-BF4B-00C04F79EFBC}") = "Warehouse.Subscriber.Azure", "Warehouse.Subscriber.Azure\Warehouse.Subscriber.Azure.csproj", "{C8B8FB1B-19DC-4781-A990-1D08122FD9C4}"
EndProject
Global
	GlobalSection(SolutionConfigurationPlatforms) = preSolution
		Debug|Any CPU = Debug|Any CPU
		Release|Any CPU = Release|Any CPU
	EndGlobalSection
	GlobalSection(ProjectConfigurationPlatforms) = postSolution
		{6E8A1ED7-DF22-4F4B-B892-6F2153C16C91}.Debug|Any CPU.ActiveCfg = Debug|Any CPU
		{6E8A1ED7-DF22-4F4B-B892-6F2153C16C91}.Debug|Any CPU.Build.0 = Debug|Any CPU
		{6E8A1ED7-DF22-4F4B-B892-6F2153C16C91}.Release|Any CPU.ActiveCfg = Release|Any CPU
		{6E8A1ED7-DF22-4F4B-B892-6F2153C16C91}.Release|Any CPU.Build.0 = Release|Any CPU
		{C8B8FB1B-19DC-4781-A990-1D08122FD9C4}.Debug|Any CPU.ActiveCfg = Debug|Any CPU
		{C8B8FB1B-19DC-4781-A990-1D08122FD9C4}.Debug|Any CPU.Build.0 = Debug|Any CPU
		{C8B8FB1B-19DC-4781-A990-1D08122FD9C4}.Release|Any CPU.ActiveCfg = Release|Any CPU
		{C8B8FB1B-19DC-4781-A990-1D08122FD9C4}.Release|Any CPU.Build.0 = Release|Any CPU
	EndGlobalSection
	GlobalSection(SolutionProperties) = preSolution
		HideSolutionNode = FALSE
	EndGlobalSection
	GlobalSection(ExtensibilityGlobals) = postSolution
		SolutionGuid = {8AA97566-33C1-413D-95E9-C874FC470E6F}
	EndGlobalSection
EndGlobal
