Microsoft Visual Studio Solution File, Format Version 12.00
# Visual Studio 15
VisualStudioVersion = 15.0.27428.2015
MinimumVisualStudioVersion = 10.0.40219.1
Project("{FAE04EC0-301F-11D3-BF4B-00C04F79EFBC}") = "Warehouse.Azure.UI", "Warehouse.Azure.UI\Warehouse.Azure.UI.csproj", "{B613C02E-6D40-47A5-8619-C6FFC65C6680}"
EndProject
Global
	GlobalSection(SolutionConfigurationPlatforms) = preSolution
		Debug|Any CPU = Debug|Any CPU
		Debug|x64 = Debug|x64
		Debug|x86 = Debug|x86
		Release|Any CPU = Release|Any CPU
		Release|x64 = Release|x64
		Release|x86 = Release|x86
	EndGlobalSection
	GlobalSection(ProjectConfigurationPlatforms) = postSolution
		{B613C02E-6D40-47A5-8619-C6FFC65C6680}.Debug|Any CPU.ActiveCfg = Debug|Any CPU
		{B613C02E-6D40-47A5-8619-C6FFC65C6680}.Debug|Any CPU.Build.0 = Debug|Any CPU
		{B613C02E-6D40-47A5-8619-C6FFC65C6680}.Debug|x64.ActiveCfg = Debug|Any CPU
		{B613C02E-6D40-47A5-8619-C6FFC65C6680}.Debug|x64.Build.0 = Debug|Any CPU
		{B613C02E-6D40-47A5-8619-C6FFC65C6680}.Debug|x86.ActiveCfg = Debug|Any CPU
		{B613C02E-6D40-47A5-8619-C6FFC65C6680}.Debug|x86.Build.0 = Debug|Any CPU
		{B613C02E-6D40-47A5-8619-C6FFC65C6680}.Release|Any CPU.ActiveCfg = Release|Any CPU
		{B613C02E-6D40-47A5-8619-C6FFC65C6680}.Release|Any CPU.Build.0 = Release|Any CPU
		{B613C02E-6D40-47A5-8619-C6FFC65C6680}.Release|x64.ActiveCfg = Release|Any CPU
		{B613C02E-6D40-47A5-8619-C6FFC65C6680}.Release|x64.Build.0 = Release|Any CPU
		{B613C02E-6D40-47A5-8619-C6FFC65C6680}.Release|x86.ActiveCfg = Release|Any CPU
		{B613C02E-6D40-47A5-8619-C6FFC65C6680}.Release|x86.Build.0 = Release|Any CPU
	EndGlobalSection
	GlobalSection(SolutionProperties) = preSolution
		HideSolutionNode = FALSE
	EndGlobalSection
	GlobalSection(ExtensibilityGlobals) = postSolution
		SolutionGuid = {8AA97566-33C1-413D-95E9-C874FC470E6F}
	EndGlobalSection
EndGlobal
